
Microsoft Visual Studio Solution File, Format Version 12.00
# Visual Studio Version 17
VisualStudioVersion = 17.1.32421.90
MinimumVisualStudioVersion = 10.0.40219.1
Project("{888888A0-9F3D-457C-B088-3A5042F75D52}") = "Uppdrag 2 Bilhandlaren", "Uppdrag 2 Bilhandlaren\Uppdrag 2 Bilhandlaren.pyproj", "{2326AFCF-A3F7-4220-92E2-00EA0D1570E4}"
EndProject
Global
	GlobalSection(SolutionConfigurationPlatforms) = preSolution
		Debug|Any CPU = Debug|Any CPU
		Release|Any CPU = Release|Any CPU
	EndGlobalSection
	GlobalSection(ProjectConfigurationPlatforms) = postSolution
		{2326AFCF-A3F7-4220-92E2-00EA0D1570E4}.Debug|Any CPU.ActiveCfg = Debug|Any CPU
		{2326AFCF-A3F7-4220-92E2-00EA0D1570E4}.Release|Any CPU.ActiveCfg = Release|Any CPU
	EndGlobalSection
	GlobalSection(SolutionProperties) = preSolution
		HideSolutionNode = FALSE
	EndGlobalSection
	GlobalSection(ExtensibilityGlobals) = postSolution
		SolutionGuid = {7D1276AC-684B-46E8-B91B-92817AC43ADB}
	EndGlobalSection
EndGlobal
